
Microsoft Visual Studio Solution File, Format Version 12.00
# Visual Studio 2013
VisualStudioVersion = 12.0.31101.0
MinimumVisualStudioVersion = 10.0.40219.1
Project("{FAE04EC0-301F-11D3-BF4B-00C04F79EFBC}") = "QueueTests", "QueueTests\QueueTests.csproj", "{29980B0D-C7E3-469A-983C-AA92E127EAD8}"
EndProject
Global
	GlobalSection(SolutionConfigurationPlatforms) = preSolution
		DebugAllocate|Any CPU = DebugAllocate|Any CPU
		DebugReuse|Any CPU = DebugReuse|Any CPU
		ReleaseAllocate|Any CPU = ReleaseAllocate|Any CPU
		ReleaseReuse|Any CPU = ReleaseReuse|Any CPU
	EndGlobalSection
	GlobalSection(ProjectConfigurationPlatforms) = postSolution
		{29980B0D-C7E3-469A-983C-AA92E127EAD8}.DebugAllocate|Any CPU.ActiveCfg = Debug|Any CPU
		{29980B0D-C7E3-469A-983C-AA92E127EAD8}.DebugAllocate|Any CPU.Build.0 = Debug|Any CPU
		{29980B0D-C7E3-469A-983C-AA92E127EAD8}.DebugReuse|Any CPU.ActiveCfg = DebugReuse|Any CPU
		{29980B0D-C7E3-469A-983C-AA92E127EAD8}.DebugReuse|Any CPU.Build.0 = DebugReuse|Any CPU
		{29980B0D-C7E3-469A-983C-AA92E127EAD8}.ReleaseAllocate|Any CPU.ActiveCfg = Release|Any CPU
		{29980B0D-C7E3-469A-983C-AA92E127EAD8}.ReleaseAllocate|Any CPU.Build.0 = Release|Any CPU
		{29980B0D-C7E3-469A-983C-AA92E127EAD8}.ReleaseReuse|Any CPU.ActiveCfg = ReleaseReuse|Any CPU
		{29980B0D-C7E3-469A-983C-AA92E127EAD8}.ReleaseReuse|Any CPU.Build.0 = ReleaseReuse|Any CPU
	EndGlobalSection
	GlobalSection(SolutionProperties) = preSolution
		HideSolutionNode = FALSE
	EndGlobalSection
EndGlobal
