
Microsoft Visual Studio Solution File, Format Version 12.00
# Visual Studio 2012
Project("{FAE04EC0-301F-11D3-BF4B-00C04F79EFBC}") = "LookupTest", "LookupTest.csproj", "{630314B4-0273-4D62-827F-F1DDA0BFBF7C}"
EndProject
Global
	GlobalSection(SolutionConfigurationPlatforms) = preSolution
		Debug|Any CPU = Debug|Any CPU
		Release|Any CPU = Release|Any CPU
	EndGlobalSection
	GlobalSection(ProjectConfigurationPlatforms) = postSolution
		{630314B4-0273-4D62-827F-F1DDA0BFBF7C}.Debug|Any CPU.ActiveCfg = Debug|Any CPU
		{630314B4-0273-4D62-827F-F1DDA0BFBF7C}.Debug|Any CPU.Build.0 = Debug|Any CPU
		{630314B4-0273-4D62-827F-F1DDA0BFBF7C}.Release|Any CPU.ActiveCfg = Release|x64
		{630314B4-0273-4D62-827F-F1DDA0BFBF7C}.Release|Any CPU.Build.0 = Release|x64
	EndGlobalSection
	GlobalSection(SolutionProperties) = preSolution
		HideSolutionNode = FALSE
	EndGlobalSection
	GlobalSection(Performance) = preSolution
		HasPerformanceSessions = true
	EndGlobalSection
EndGlobal
